
Microsoft Visual Studio Solution File, Format Version 12.00
Project("{FAE04EC0-301F-11D3-BF4B-00C04F79EFBC}") = "TicTacToe", "TicTacToe.csproj", "{515E7FE3-5C85-4ADC-9DAF-C2DFB0353677}"
EndProject
Global
	GlobalSection(SolutionConfigurationPlatforms) = preSolution
		Debug|Any CPU = Debug|Any CPU
		Release|Any CPU = Release|Any CPU
	EndGlobalSection
	GlobalSection(ProjectConfigurationPlatforms) = postSolution
		{515E7FE3-5C85-4ADC-9DAF-C2DFB0353677}.Debug|Any CPU.ActiveCfg = Debug|Any CPU
		{515E7FE3-5C85-4ADC-9DAF-C2DFB0353677}.Debug|Any CPU.Build.0 = Debug|Any CPU
		{515E7FE3-5C85-4ADC-9DAF-C2DFB0353677}.Release|Any CPU.ActiveCfg = Release|Any CPU
		{515E7FE3-5C85-4ADC-9DAF-C2DFB0353677}.Release|Any CPU.Build.0 = Release|Any CPU
	EndGlobalSection
EndGlobal
